
Microsoft Visual Studio Solution File, Format Version 12.00
# Visual Studio Version 16
VisualStudioVersion = 16.0.29920.165
MinimumVisualStudioVersion = 10.0.40219.1
Project("{FAE04EC0-301F-11D3-BF4B-00C04F79EFBC}") = "People", "People\People.csproj", "{44B84F5F-1A01-4A66-8BF7-A7AAEC5CC687}"
EndProject
Project("{FAE04EC0-301F-11D3-BF4B-00C04F79EFBC}") = "Poems", "Poems\Poems.csproj", "{845C78AD-A944-4F9E-9DB0-EDECD98AB985}"
EndProject
Project("{FAE04EC0-301F-11D3-BF4B-00C04F79EFBC}") = "WebSite", "WebSite\WebSite.csproj", "{9475FB8C-42D7-42D8-8598-091009DBEFD6}"
EndProject
Global
	GlobalSection(SolutionConfigurationPlatforms) = preSolution
		Debug|Any CPU = Debug|Any CPU
		Release|Any CPU = Release|Any CPU
	EndGlobalSection
	GlobalSection(ProjectConfigurationPlatforms) = postSolution
		{44B84F5F-1A01-4A66-8BF7-A7AAEC5CC687}.Debug|Any CPU.ActiveCfg = Debug|Any CPU
		{44B84F5F-1A01-4A66-8BF7-A7AAEC5CC687}.Debug|Any CPU.Build.0 = Debug|Any CPU
		{44B84F5F-1A01-4A66-8BF7-A7AAEC5CC687}.Release|Any CPU.ActiveCfg = Release|Any CPU
		{44B84F5F-1A01-4A66-8BF7-A7AAEC5CC687}.Release|Any CPU.Build.0 = Release|Any CPU
		{845C78AD-A944-4F9E-9DB0-EDECD98AB985}.Debug|Any CPU.ActiveCfg = Debug|Any CPU
		{845C78AD-A944-4F9E-9DB0-EDECD98AB985}.Debug|Any CPU.Build.0 = Debug|Any CPU
		{845C78AD-A944-4F9E-9DB0-EDECD98AB985}.Release|Any CPU.ActiveCfg = Release|Any CPU
		{845C78AD-A944-4F9E-9DB0-EDECD98AB985}.Release|Any CPU.Build.0 = Release|Any CPU
		{9475FB8C-42D7-42D8-8598-091009DBEFD6}.Debug|Any CPU.ActiveCfg = Debug|Any CPU
		{9475FB8C-42D7-42D8-8598-091009DBEFD6}.Debug|Any CPU.Build.0 = Debug|Any CPU
		{9475FB8C-42D7-42D8-8598-091009DBEFD6}.Release|Any CPU.ActiveCfg = Release|Any CPU
		{9475FB8C-42D7-42D8-8598-091009DBEFD6}.Release|Any CPU.Build.0 = Release|Any CPU
	EndGlobalSection
	GlobalSection(SolutionProperties) = preSolution
		HideSolutionNode = FALSE
	EndGlobalSection
	GlobalSection(ExtensibilityGlobals) = postSolution
		SolutionGuid = {DDA142FF-E136-4638-AAB1-5C6BF507A032}
	EndGlobalSection
EndGlobal
